
Microsoft Visual Studio Solution File, Format Version 12.00
# Visual Studio Version 17
VisualStudioVersion = 17.9.34728.123
MinimumVisualStudioVersion = 10.0.40219.1
Project("{FAE04EC0-301F-11D3-BF4B-00C04F79EFBC}") = "GestaoLivraria", "GestaoLivraria.csproj", "{B451C7C9-E70E-4F1A-A8C7-1DEBAF8645DE}"
EndProject
Global
	GlobalSection(SolutionConfigurationPlatforms) = preSolution
		Debug|Any CPU = Debug|Any CPU
		Release|Any CPU = Release|Any CPU
	EndGlobalSection
	GlobalSection(ProjectConfigurationPlatforms) = postSolution
		{B451C7C9-E70E-4F1A-A8C7-1DEBAF8645DE}.Debug|Any CPU.ActiveCfg = Debug|Any CPU
		{B451C7C9-E70E-4F1A-A8C7-1DEBAF8645DE}.Debug|Any CPU.Build.0 = Debug|Any CPU
		{B451C7C9-E70E-4F1A-A8C7-1DEBAF8645DE}.Release|Any CPU.ActiveCfg = Release|Any CPU
		{B451C7C9-E70E-4F1A-A8C7-1DEBAF8645DE}.Release|Any CPU.Build.0 = Release|Any CPU
	EndGlobalSection
	GlobalSection(SolutionProperties) = preSolution
		HideSolutionNode = FALSE
	EndGlobalSection
	GlobalSection(ExtensibilityGlobals) = postSolution
		SolutionGuid = {3453A8F7-5984-47CD-8F1C-C74A5A56B34E}
	EndGlobalSection
EndGlobal
